# This file is autogenerated, do not edit; changes may be undone by the next 'dep ensure'.


[[projects]]
  digest = "1:6699de003039f29dfe3b88956e6c84ad9f0f0ac69531732074c91981c9665bdd"
  name = "golang.org/x/text"
  packages = [
    "internal/gen",
    "internal/triegen",
    "internal/ucd",
    "runes",
    "transform",
    "unicode/cldr",
    "unicode/norm",
  ]
  pruneopts = "UT"
  revision = "342b2e1fbaa52c93f31447ad2c6abc048c63e475"
  version = "v0.3.2"

[[projects]]
  digest = "1:277d2528f32a826cd7c820ce16af1224acf18acf1aec3a728825a8f059f861b1"
  name = "gopkg.in/Regis24GmbH/go-diacritics.v1"
  packages = ["."]
  pruneopts = "UT"
  revision = "863b4b384ab19c181e3acb21c4eee9e9f49a920d"
  version = "v1.0.0"

[solve-meta]
  analyzer-name = "dep"
  analyzer-version = 1
  input-imports = ["gopkg.in/Regis24GmbH/go-diacritics.v1"]
  solver-name = "gps-cdcl"
  solver-version = 1
